// !$*UTF8*$!
{
	archiveVersion = 1;
	classes = {
	};
	objectVersion = 48;
	objects = {

/* Begin PBXBuildFile section */
		9C63D37A2018CC62007C58F3 /* AppDelegate.swift in Sources */ = {isa = PBXBuildFile; fileRef = 9C63D3792018CC62007C58F3 /* AppDelegate.swift */; };
		9C63D37C2018CC62007C58F3 /* ViewController.swift in Sources */ = {isa = PBXBuildFile; fileRef = 9C63D37B2018CC62007C58F3 /* ViewController.swift */; };
		9C63D37F2018CC62007C58F3 /* Main.storyboard in Resources */ = {isa = PBXBuildFile; fileRef = 9C63D37D2018CC62007C58F3 /* Main.storyboard */; };
		9C63D3812018CC62007C58F3 /* Assets.xcassets in Resources */ = {isa = PBXBuildFile; fileRef = 9C63D3802018CC62007C58F3 /* Assets.xcassets */; };
		9C63D3842018CC62007C58F3 /* LaunchScreen.storyboard in Resources */ = {isa = PBXBuildFile; fileRef = 9C63D3822018CC62007C58F3 /* LaunchScreen.storyboard */; };
		9CB639D42024C6FB00E8B833 /* debug.swift in Sources */ = {isa = PBXBuildFile; fileRef = 9CB639D32024C6FB00E8B833 /* debug.swift */; };
		9CCF960E201F837F00C534FD /* UIImagePickerControllerDelegate+UINavigationControllerDelegate.swift in Sources */ = {isa = PBXBuildFile; fileRef = 9CCF960D201F837F00C534FD /* UIImagePickerControllerDelegate+UINavigationControllerDelegate.swift */; };
		9CE023FF202357DE000690F0 /* RatingControl.swift in Sources */ = {isa = PBXBuildFile; fileRef = 9CE023FE202357DE000690F0 /* RatingControl.swift */; };
		C03813942022A6D7004C9493 /* myStackView.swift in Sources */ = {isa = PBXBuildFile; fileRef = C03813932022A6D7004C9493 /* myStackView.swift */; };
/* End PBXBuildFile section */

/* Begin PBXFileReference section */
		9C63D3762018CC62007C58F3 /* FoodTracker.app */ = {isa = PBXFileReference; explicitFileType = wrapper.application; includeInIndex = 0; path = FoodTracker.app; sourceTree = BUILT_PRODUCTS_DIR; };
		9C63D3792018CC62007C58F3 /* AppDelegate.swift */ = {isa = PBXFileReference; lastKnownFileType = sourcecode.swift; path = AppDelegate.swift; sourceTree = "<group>"; };
		9C63D37B2018CC62007C58F3 /* ViewController.swift */ = {isa = PBXFileReference; lastKnownFileType = sourcecode.swift; path = ViewController.swift; sourceTree = "<group>"; };
		9C63D37E2018CC62007C58F3 /* Base */ = {isa = PBXFileReference; lastKnownFileType = file.storyboard; name = Base; path = Base.lproj/Main.storyboard; sourceTree = "<group>"; };
		9C63D3802018CC62007C58F3 /* Assets.xcassets */ = {isa = PBXFileReference; lastKnownFileType = folder.assetcatalog; path = Assets.xcassets; sourceTree = "<group>"; };
		9C63D3832018CC62007C58F3 /* Base */ = {isa = PBXFileReference; lastKnownFileType = file.storyboard; name = Base; path = Base.lproj/LaunchScreen.storyboard; sourceTree = "<group>"; };
		9C63D3852018CC62007C58F3 /* Info.plist */ = {isa = PBXFileReference; lastKnownFileType = text.plist.xml; path = Info.plist; sourceTree = "<group>"; };
		9CB639D32024C6FB00E8B833 /* debug.swift */ = {isa = PBXFileReference; lastKnownFileType = sourcecode.swift; path = debug.swift; sourceTree = "<group>"; };
		9CCF960D201F837F00C534FD /* UIImagePickerControllerDelegate+UINavigationControllerDelegate.swift */ = {isa = PBXFileReference; lastKnownFileType = sourcecode.swift; path = "UIImagePickerControllerDelegate+UINavigationControllerDelegate.swift"; sourceTree = "<group>"; };
		9CE023FE202357DE000690F0 /* RatingControl.swift */ = {isa = PBXFileReference; lastKnownFileType = sourcecode.swift; path = RatingControl.swift; sourceTree = "<group>"; };
		C03813932022A6D7004C9493 /* myStackView.swift */ = {isa = PBXFileReference; lastKnownFileType = sourcecode.swift; path = myStackView.swift; sourceTree = "<group>"; };
/* End PBXFileReference section */

/* Begin PBXFrameworksBuildPhase section */
		9C63D3732018CC62007C58F3 /* Frameworks */ = {
			isa = PBXFrameworksBuildPhase;
			buildActionMask = 2147483647;
			files = (
			);
			runOnlyForDeploymentPostprocessing = 0;
		};
/* End PBXFrameworksBuildPhase section */

/* Begin PBXGroup section */
		9C63D36D2018CC62007C58F3 = {
			isa = PBXGroup;
			children = (
				9C63D3782018CC62007C58F3 /* FoodTracker */,
				9C63D3772018CC62007C58F3 /* Products */,
			);
			sourceTree = "<group>";
		};
		9C63D3772018CC62007C58F3 /* Products */ = {
			isa = PBXGroup;
			children = (
				9C63D3762018CC62007C58F3 /* FoodTracker.app */,
			);
			name = Products;
			sourceTree = "<group>";
		};
		9C63D3782018CC62007C58F3 /* FoodTracker */ = {
			isa = PBXGroup;
			children = (
				9C63D3792018CC62007C58F3 /* AppDelegate.swift */,
				9CE023FE202357DE000690F0 /* RatingControl.swift */,
				C03813932022A6D7004C9493 /* myStackView.swift */,
				9C63D37B2018CC62007C58F3 /* ViewController.swift */,
				9CCF960D201F837F00C534FD /* UIImagePickerControllerDelegate+UINavigationControllerDelegate.swift */,
				9CB639D32024C6FB00E8B833 /* debug.swift */,
				9C63D37D2018CC62007C58F3 /* Main.storyboard */,
				9C63D3802018CC62007C58F3 /* Assets.xcassets */,
				9C63D3822018CC62007C58F3 /* LaunchScreen.storyboard */,
				9C63D3852018CC62007C58F3 /* Info.plist */,
			);
			path = FoodTracker;
			sourceTree = "<group>";
		};
/* End PBXGroup section */

/* Begin PBXNativeTarget section */
		9C63D3752018CC62007C58F3 /* FoodTracker */ = {
			isa = PBXNativeTarget;
			buildConfigurationList = 9C63D3882018CC62007C58F3 /* Build configuration list for PBXNativeTarget "FoodTracker" */;
			buildPhases = (
				9C63D3722018CC62007C58F3 /* Sources */,
				9C63D3732018CC62007C58F3 /* Frameworks */,
				9C63D3742018CC62007C58F3 /* Resources */,
			);
			buildRules = (
			);
			dependencies = (
			);
			name = FoodTracker;
			productName = FoodTracker;
			productReference = 9C63D3762018CC62007C58F3 /* FoodTracker.app */;
			productType = "com.apple.product-type.application";
		};
/* End PBXNativeTarget section */

/* Begin PBXProject section */
		9C63D36E2018CC62007C58F3 /* Project object */ = {
			isa = PBXProject;
			attributes = {
				LastSwiftUpdateCheck = 0920;
				LastUpgradeCheck = 0920;
				ORGANIZATIONNAME = "中川万莉奈";
				TargetAttributes = {
					9C63D3752018CC62007C58F3 = {
						CreatedOnToolsVersion = 9.2;
						ProvisioningStyle = Automatic;
					};
				};
			};
			buildConfigurationList = 9C63D3712018CC62007C58F3 /* Build configuration list for PBXProject "FoodTracker" */;
			compatibilityVersion = "Xcode 8.0";
			developmentRegion = en;
			hasScannedForEncodings = 0;
			knownRegions = (
				en,
				Base,
			);
			mainGroup = 9C63D36D2018CC62007C58F3;
			productRefGroup = 9C63D3772018CC62007C58F3 /* Products */;
			projectDirPath = "";
			projectRoot = "";
			targets = (
				9C63D3752018CC62007C58F3 /* FoodTracker */,
			);
		};
/* End PBXProject section */

/* Begin PBXResourcesBuildPhase section */
		9C63D3742018CC62007C58F3 /* Resources */ = {
			isa = PBXResourcesBuildPhase;
			buildActionMask = 2147483647;
			files = (
				9C63D3842018CC62007C58F3 /* LaunchScreen.storyboard in Resources */,
				9C63D3812018CC62007C58F3 /* Assets.xcassets in Resources */,
				9C63D37F2018CC62007C58F3 /* Main.storyboard in Resources */,
			);
			runOnlyForDeploymentPostprocessing = 0;
		};
/* End PBXResourcesBuildPhase section */

/* Begin PBXSourcesBuildPhase section */
		9C63D3722018CC62007C58F3 /* Sources */ = {
			isa = PBXSourcesBuildPhase;
			buildActionMask = 2147483647;
			files = (
				9C63D37C2018CC62007C58F3 /* ViewController.swift in Sources */,
				9CB639D42024C6FB00E8B833 /* debug.swift in Sources */,
				9CCF960E201F837F00C534FD /* UIImagePickerControllerDelegate+UINavigationControllerDelegate.swift in Sources */,
				C03813942022A6D7004C9493 /* myStackView.swift in Sources */,
				9CE023FF202357DE000690F0 /* RatingControl.swift in Sources */,
				9C63D37A2018CC62007C58F3 /* AppDelegate.swift in Sources */,
			);
			runOnlyForDeploymentPostprocessing = 0;
		};
/* End PBXSourcesBuildPhase section */

/* Begin PBXVariantGroup section */
		9C63D37D2018CC62007C58F3 /* Main.storyboard */ = {
			isa = PBXVariantGroup;
			children = (
				9C63D37E2018CC62007C58F3 /* Base */,
			);
			name = Main.storyboard;
			sourceTree = "<group>";
		};
		9C63D3822018CC62007C58F3 /* LaunchScreen.storyboard */ = {
			isa = PBXVariantGroup;
			children = (
				9C63D3832018CC62007C58F3 /* Base */,
			);
			name = LaunchScreen.storyboard;
			sourceTree = "<group>";
		};
/* End PBXVariantGroup section */

/* Begin XCBuildConfiguration section */
		9C63D3862018CC62007C58F3 /* Debug */ = {
			isa = XCBuildConfiguration;
			buildSettings = {
				ALWAYS_SEARCH_USER_PATHS = NO;
				CLANG_ANALYZER_NONNULL = YES;
				CLANG_ANALYZER_NUMBER_OBJECT_CONVERSION = YES_AGGRESSIVE;
				CLANG_CXX_LANGUAGE_STANDARD = "gnu++14";
				CLANG_CXX_LIBRARY = "libc++";
				CLANG_ENABLE_MODULES = YES;
				CLANG_ENABLE_OBJC_ARC = YES;
				CLANG_WARN_BLOCK_CAPTURE_AUTORELEASING = YES;
				CLANG_WARN_BOOL_CONVERSION = YES;
				CLANG_WARN_COMMA = YES;
				CLANG_WARN_CONSTANT_CONVERSION = YES;
				CLANG_WARN_DIRECT_OBJC_ISA_USAGE = YES_ERROR;
				CLANG_WARN_DOCUMENTATION_COMMENTS = YES;
				CLANG_WARN_EMPTY_BODY = YES;
				CLANG_WARN_ENUM_CONVERSION = YES;
				CLANG_WARN_INFINITE_RECURSION = YES;
				CLANG_WARN_INT_CONVERSION = YES;
				CLANG_WARN_NON_LITERAL_NULL_CONVERSION = YES;
				CLANG_WARN_OBJC_LITERAL_CONVERSION = YES;
				CLANG_WARN_OBJC_ROOT_CLASS = YES_ERROR;
				CLANG_WARN_RANGE_LOOP_ANALYSIS = YES;
				CLANG_WARN_STRICT_PROTOTYPES = YES;
				CLANG_WARN_SUSPICIOUS_MOVE = YES;
				CLANG_WARN_UNGUARDED_AVAILABILITY = YES_AGGRESSIVE;
				CLANG_WARN_UNREACHABLE_CODE = YES;
				CLANG_WARN__DUPLICATE_METHOD_MATCH = YES;
				CODE_SIGN_IDENTITY = "iPhone Developer";
				COPY_PHASE_STRIP = NO;
				DEBUG_INFORMATION_FORMAT = dwarf;
				ENABLE_STRICT_OBJC_MSGSEND = YES;
				ENABLE_TESTABILITY = YES;
				GCC_C_LANGUAGE_STANDARD = gnu11;
				GCC_DYNAMIC_NO_PIC = NO;
				GCC_NO_COMMON_BLOCKS = YES;
				GCC_OPTIMIZATION_LEVEL = 0;
				GCC_PREPROCESSOR_DEFINITIONS = (
					"DEBUG=1",
					"$(inherited)",
				);
				GCC_WARN_64_TO_32_BIT_CONVERSION = YES;
				GCC_WARN_ABOUT_RETURN_TYPE = YES_ERROR;
				GCC_WARN_UNDECLARED_SELECTOR = YES;
				GCC_WARN_UNINITIALIZED_AUTOS = YES_AGGRESSIVE;
				GCC_WARN_UNUSED_FUNCTION = YES;
				GCC_WARN_UNUSED_VARIABLE = YES;
				IPHONEOS_DEPLOYMENT_TARGET = 11.2;
				MTL_ENABLE_DEBUG_INFO = YES;
				ONLY_ACTIVE_ARCH = YES;
				SDKROOT = iphoneos;
				SWIFT_ACTIVE_COMPILATION_CONDITIONS = DEBUG;
				SWIFT_OPTIMIZATION_LEVEL = "-Onone";
			};
			name = Debug;
		};
		9C63D3872018CC62007C58F3 /* Release */ = {
			isa = XCBuildConfiguration;
			buildSettings = {
				ALWAYS_SEARCH_USER_PATHS = NO;
				CLANG_ANALYZER_NONNULL = YES;
				CLANG_ANALYZER_NUMBER_OBJECT_CONVERSION = YES_AGGRESSIVE;
				CLANG_CXX_LANGUAGE_STANDARD = "gnu++14";
				CLANG_CXX_LIBRARY = "libc++";
				CLANG_ENABLE_MODULES = YES;
				CLANG_ENABLE_OBJC_ARC = YES;
				CLANG_WARN_BLOCK_CAPTURE_AUTORELEASING = YES;
				CLANG_WARN_BOOL_CONVERSION = YES;
				CLANG_WARN_COMMA = YES;
				CLANG_WARN_CONSTANT_CONVERSION = YES;
				CLANG_WARN_DIRECT_OBJC_ISA_USAGE = YES_ERROR;
				CLANG_WARN_DOCUMENTATION_COMMENTS = YES;
				CLANG_WARN_EMPTY_BODY = YES;
				CLANG_WARN_ENUM_CONVERSION = YES;
				CLANG_WARN_INFINITE_RECURSION = YES;
				CLANG_WARN_INT_CONVERSION = YES;
				CLANG_WARN_NON_LITERAL_NULL_CONVERSION = YES;
				CLANG_WARN_OBJC_LITERAL_CONVERSION = YES;
				CLANG_WARN_OBJC_ROOT_CLASS = YES_ERROR;
				CLANG_WARN_RANGE_LOOP_ANALYSIS = YES;
				CLANG_WARN_STRICT_PROTOTYPES = YES;
				CLANG_WARN_SUSPICIOUS_MOVE = YES;
				CLANG_WARN_UNGUARDED_AVAILABILITY = YES_AGGRESSIVE;
				CLANG_WARN_UNREACHABLE_CODE = YES;
				CLANG_WARN__DUPLICATE_METHOD_MATCH = YES;
				CODE_SIGN_IDENTITY = "iPhone Developer";
				COPY_PHASE_STRIP = NO;
				DEBUG_INFORMATION_FORMAT = "dwarf-with-dsym";
				ENABLE_NS_ASSERTIONS = NO;
				ENABLE_STRICT_OBJC_MSGSEND = YES;
				GCC_C_LANGUAGE_STANDARD = gnu11;
				GCC_NO_COMMON_BLOCKS = YES;
				GCC_WARN_64_TO_32_BIT_CONVERSION = YES;
				GCC_WARN_ABOUT_RETURN_TYPE = YES_ERROR;
				GCC_WARN_UNDECLARED_SELECTOR = YES;
				GCC_WARN_UNINITIALIZED_AUTOS = YES_AGGRESSIVE;
				GCC_WARN_UNUSED_FUNCTION = YES;
				GCC_WARN_UNUSED_VARIABLE = YES;
				IPHONEOS_DEPLOYMENT_TARGET = 11.2;
				MTL_ENABLE_DEBUG_INFO = NO;
				SDKROOT = iphoneos;
				SWIFT_OPTIMIZATION_LEVEL = "-Owholemodule";
				VALIDATE_PRODUCT = YES;
			};
			name = Release;
		};
		9C63D3892018CC62007C58F3 /* Debug */ = {
			isa = XCBuildConfiguration;
			buildSettings = {
				ASSETCATALOG_COMPILER_APPICON_NAME = AppIcon;
				CODE_SIGN_STYLE = Automatic;
				DEVELOPMENT_TEAM = 78Q29B3V8M;
				INFOPLIST_FILE = FoodTracker/Info.plist;
				LD_RUNPATH_SEARCH_PATHS = "$(inherited) @executable_path/Frameworks";
				PRODUCT_BUNDLE_IDENTIFIER = jp.MarinaNakgawa.FoodTracker;
				PRODUCT_NAME = "$(TARGET_NAME)";
				"SWIFT_ACTIVE_COMPILATION_CONDITIONS[arch=*]" = DEBUG;
				SWIFT_VERSION = 4.0;
				TARGETED_DEVICE_FAMILY = "1,2";
			};
			name = Debug;
		};
		9C63D38A2018CC62007C58F3 /* Release */ = {
			isa = XCBuildConfiguration;
			buildSettings = {
				ASSETCATALOG_COMPILER_APPICON_NAME = AppIcon;
				CODE_SIGN_STYLE = Automatic;
				DEVELOPMENT_TEAM = 78Q29B3V8M;
				INFOPLIST_FILE = FoodTracker/Info.plist;
				LD_RUNPATH_SEARCH_PATHS = "$(inherited) @executable_path/Frameworks";
				PRODUCT_BUNDLE_IDENTIFIER = jp.MarinaNakgawa.FoodTracker;
				PRODUCT_NAME = "$(TARGET_NAME)";
				SWIFT_VERSION = 4.0;
				TARGETED_DEVICE_FAMILY = "1,2";
			};
			name = Release;
		};
/* End XCBuildConfiguration section */

/* Begin XCConfigurationList section */
		9C63D3712018CC62007C58F3 /* Build configuration list for PBXProject "FoodTracker" */ = {
			isa = XCConfigurationList;
			buildConfigurations = (
				9C63D3862018CC62007C58F3 /* Debug */,
				9C63D3872018CC62007C58F3 /* Release */,
			);
			defaultConfigurationIsVisible = 0;
			defaultConfigurationName = Release;
		};
		9C63D3882018CC62007C58F3 /* Build configuration list for PBXNativeTarget "FoodTracker" */ = {
			isa = XCConfigurationList;
			buildConfigurations = (
				9C63D3892018CC62007C58F3 /* Debug */,
				9C63D38A2018CC62007C58F3 /* Release */,
			);
			defaultConfigurationIsVisible = 0;
			defaultConfigurationName = Release;
		};
/* End XCConfigurationList section */
	};
	rootObject = 9C63D36E2018CC62007C58F3 /* Project object */;
}
